{
  "name": "ludem",
  "version": "0.0.0",
  "lockfileVersion": 1,
  "requires": true,
  "dependencies": {
    "angular-tslint-rules": {
      "version": "1.3.0",
      "resolved": "https://registry.npmjs.org/angular-tslint-rules/-/angular-tslint-rules-1.3.0.tgz",
      "integrity": "sha512-HoDbKDylRYX7EhKyqzv3M55HRApcYYM76GYmNPWfgiCDZegEphcZ8Bxv5hOy3lR7NwpW/5k+rypkHCzxHDc8gw=="
    }
  }
}
